
Microsoft Visual Studio Solution File, Format Version 12.00
# Visual Studio Version 16
VisualStudioVersion = 16.0.29613.14
MinimumVisualStudioVersion = 10.0.40219.1
Project("{FAE04EC0-301F-11D3-BF4B-00C04F79EFBC}") = "BandAPI", "BandAPI\BandAPI.csproj", "{78C419D4-463A-4936-944E-848A4D5D7919}"
EndProject
Global
	GlobalSection(SolutionConfigurationPlatforms) = preSolution
		Debug|Any CPU = Debug|Any CPU
		Release|Any CPU = Release|Any CPU
	EndGlobalSection
	GlobalSection(ProjectConfigurationPlatforms) = postSolution
		{78C419D4-463A-4936-944E-848A4D5D7919}.Debug|Any CPU.ActiveCfg = Debug|Any CPU
		{78C419D4-463A-4936-944E-848A4D5D7919}.Debug|Any CPU.Build.0 = Debug|Any CPU
		{78C419D4-463A-4936-944E-848A4D5D7919}.Release|Any CPU.ActiveCfg = Release|Any CPU
		{78C419D4-463A-4936-944E-848A4D5D7919}.Release|Any CPU.Build.0 = Release|Any CPU
	EndGlobalSection
	GlobalSection(SolutionProperties) = preSolution
		HideSolutionNode = FALSE
	EndGlobalSection
	GlobalSection(ExtensibilityGlobals) = postSolution
		SolutionGuid = {DCCB21DD-7C05-4E3C-82CF-5A3CAC6E2830}
	EndGlobalSection
EndGlobal
